{
  "version": 4,
  "terraform_version": "1.2.6",
  "serial": 12,
  "lineage": "2073d7bb-4eec-8e40-dfaf-aee23c85a2f2",
  "outputs": {},
  "resources": [
    {
      "mode": "managed",
      "type": "aws_ecs_cluster",
      "name": "foo",
      "provider": "provider[\"registry.terraform.io/hashicorp/aws\"]",
      "instances": [
        {
          "schema_version": 0,
          "attributes": {
            "arn": "arn:aws:ecs:eu-west-1:425843643352:cluster/efs-example",
            "capacity_providers": [],
            "configuration": [],
            "default_capacity_provider_strategy": [],
            "id": "arn:aws:ecs:eu-west-1:425843643352:cluster/efs-example",
            "name": "efs-example",
            "setting": [
              {
                "name": "containerInsights",
                "value": "disabled"
              }
            ],
            "tags": {},
            "tags_all": {}
          },
          "sensitive_attributes": [],
          "private": "bnVsbA=="
        }
      ]
    },
    {
      "mode": "managed",
      "type": "aws_ecs_service",
      "name": "bar",
      "provider": "provider[\"registry.terraform.io/hashicorp/aws\"]",
      "instances": [
        {
          "schema_version": 0,
          "attributes": {
            "capacity_provider_strategy": [],
            "cluster": "arn:aws:ecs:eu-west-1:425843643352:cluster/efs-example",
            "deployment_circuit_breaker": [
              {
                "enable": false,
                "rollback": false
              }
            ],
            "deployment_controller": [
              {
                "type": "ECS"
              }
            ],
            "deployment_maximum_percent": 200,
            "deployment_minimum_healthy_percent": 100,
            "desired_count": 2,
            "enable_ecs_managed_tags": false,
            "enable_execute_command": false,
            "force_new_deployment": null,
            "health_check_grace_period_seconds": 0,
            "iam_role": null,
            "id": "arn:aws:ecs:eu-west-1:425843643352:service/efs-example/efs-example-service",
            "launch_type": "EC2",
            "load_balancer": [],
            "name": "efs-example-service",
            "network_configuration": [],
            "ordered_placement_strategy": [],
            "placement_constraints": [],
            "platform_version": "",
            "propagate_tags": "NONE",
            "scheduling_strategy": "REPLICA",
            "service_registries": [],
            "tags": null,
            "tags_all": {},
            "task_definition": "arn:aws:ecs:eu-west-1:425843643352:task-definition/efs-example-task:1",
            "timeouts": null,
            "wait_for_steady_state": false
          },
          "sensitive_attributes": [],
          "private": "eyJlMmJmYjczMC1lY2FhLTExZTYtOGY4OC0zNDM2M2JjN2M0YzAiOnsiY3JlYXRlIjoxMjAwMDAwMDAwMDAwLCJkZWxldGUiOjEyMDAwMDAwMDAwMDAsInVwZGF0ZSI6MTIwMDAwMDAwMDAwMH19",
          "dependencies": [
            "aws_ecs_cluster.foo",
            "aws_ecs_task_definition.efs-task"
          ]
        }
      ]
    },
    {
      "mode": "managed",
      "type": "aws_ecs_task_definition",
      "name": "efs-task",
      "provider": "provider[\"registry.terraform.io/hashicorp/aws\"]",
      "instances": [
        {
          "schema_version": 1,
          "attributes": {
            "arn": "arn:aws:ecs:eu-west-1:425843643352:task-definition/efs-example-task:1",
            "container_definitions": "[{\"cpu\":0,\"environment\":[],\"essential\":true,\"image\":\"nginx\",\"memory\":128,\"mountPoints\":[{\"containerPath\":\"/usr/share/nginx/html\",\"sourceVolume\":\"efs-html\"}],\"name\":\"nginx\",\"portMappings\":[{\"containerPort\":80,\"hostPort\":80,\"protocol\":\"tcp\"}],\"volumesFrom\":[]}]",
            "cpu": "",
            "ephemeral_storage": [],
            "execution_role_arn": "",
            "family": "efs-example-task",
            "id": "efs-example-task",
            "inference_accelerator": [],
            "ipc_mode": "",
            "memory": "",
            "network_mode": "",
            "pid_mode": "",
            "placement_constraints": [],
            "proxy_configuration": [],
            "requires_compatibilities": [],
            "revision": 1,
            "runtime_platform": [],
            "skip_destroy": false,
            "tags": {},
            "tags_all": {},
            "task_role_arn": "",
            "volume": [
              {
                "docker_volume_configuration": [],
                "efs_volume_configuration": [
                  {
                    "authorization_config": [],
                    "file_system_id": "fs-03a945df6cf4fd342",
                    "root_directory": "/path/to/my/data",
                    "transit_encryption": "",
                    "transit_encryption_port": 0
                  }
                ],
                "fsx_windows_file_server_volume_configuration": [],
                "host_path": "",
                "name": "efs-html"
              }
            ]
          },
          "sensitive_attributes": [],
          "private": "eyJzY2hlbWFfdmVyc2lvbiI6IjEifQ==",
          "dependencies": [
            "aws_efs_file_system.foo"
          ]
        }
      ]
    },
    {
      "mode": "managed",
      "type": "aws_efs_file_system",
      "name": "foo",
      "provider": "provider[\"registry.terraform.io/hashicorp/aws\"]",
      "instances": [
        {
          "schema_version": 0,
          "attributes": {
            "arn": "arn:aws:elasticfilesystem:eu-west-1:425843643352:file-system/fs-03a945df6cf4fd342",
            "availability_zone_id": "",
            "availability_zone_name": "",
            "creation_token": "terraform-20220802164334598400000001",
            "dns_name": "fs-03a945df6cf4fd342.efs.eu-west-1.amazonaws.com",
            "encrypted": false,
            "id": "fs-03a945df6cf4fd342",
            "kms_key_id": "",
            "lifecycle_policy": [],
            "number_of_mount_targets": 1,
            "owner_id": "425843643352",
            "performance_mode": "generalPurpose",
            "provisioned_throughput_in_mibps": 0,
            "size_in_bytes": [
              {
                "value": 6144,
                "value_in_ia": 0,
                "value_in_standard": 6144
              }
            ],
            "tags": {
              "Name": "ECS-EFS-MNT"
            },
            "tags_all": {
              "Name": "ECS-EFS-MNT"
            },
            "throughput_mode": "bursting"
          },
          "sensitive_attributes": [],
          "private": "bnVsbA=="
        }
      ]
    },
    {
      "mode": "managed",
      "type": "aws_efs_mount_target",
      "name": "mount",
      "provider": "provider[\"registry.terraform.io/hashicorp/aws\"]",
      "instances": [
        {
          "schema_version": 0,
          "attributes": {
            "availability_zone_id": "euw1-az3",
            "availability_zone_name": "eu-west-1a",
            "dns_name": "fs-03a945df6cf4fd342.efs.eu-west-1.amazonaws.com",
            "file_system_arn": "arn:aws:elasticfilesystem:eu-west-1:425843643352:file-system/fs-03a945df6cf4fd342",
            "file_system_id": "fs-03a945df6cf4fd342",
            "id": "fsmt-0c975a0c32f0d7d3b",
            "ip_address": "10.0.1.93",
            "mount_target_dns_name": "eu-west-1a.fs-03a945df6cf4fd342.efs.eu-west-1.amazonaws.com",
            "network_interface_id": "eni-0719a936d38d11df1",
            "owner_id": "425843643352",
            "security_groups": [
              "sg-04e2073a21070b154"
            ],
            "subnet_id": "subnet-089e2005a8bfb76cb"
          },
          "sensitive_attributes": [],
          "private": "bnVsbA==",
          "dependencies": [
            "aws_efs_file_system.foo",
            "aws_subnet.alpha",
            "aws_vpc.foo"
          ]
        }
      ]
    },
    {
      "mode": "managed",
      "type": "aws_subnet",
      "name": "alpha",
      "provider": "provider[\"registry.terraform.io/hashicorp/aws\"]",
      "instances": [
        {
          "schema_version": 1,
          "attributes": {
            "arn": "arn:aws:ec2:eu-west-1:425843643352:subnet/subnet-089e2005a8bfb76cb",
            "assign_ipv6_address_on_creation": false,
            "availability_zone": "eu-west-1a",
            "availability_zone_id": "euw1-az3",
            "cidr_block": "10.0.1.0/24",
            "customer_owned_ipv4_pool": "",
            "enable_dns64": false,
            "enable_resource_name_dns_a_record_on_launch": false,
            "enable_resource_name_dns_aaaa_record_on_launch": false,
            "id": "subnet-089e2005a8bfb76cb",
            "ipv6_cidr_block": "",
            "ipv6_cidr_block_association_id": "",
            "ipv6_native": false,
            "map_customer_owned_ip_on_launch": false,
            "map_public_ip_on_launch": false,
            "outpost_arn": "",
            "owner_id": "425843643352",
            "private_dns_hostname_type_on_launch": "ip-name",
            "tags": {
              "Name": "ECS-EFS-SUBNET"
            },
            "tags_all": {
              "Name": "ECS-EFS-SUBNET"
            },
            "timeouts": null,
            "vpc_id": "vpc-053ad2b074c4f6501"
          },
          "sensitive_attributes": [],
          "private": "eyJlMmJmYjczMC1lY2FhLTExZTYtOGY4OC0zNDM2M2JjN2M0YzAiOnsiY3JlYXRlIjo2MDAwMDAwMDAwMDAsImRlbGV0ZSI6MTIwMDAwMDAwMDAwMH0sInNjaGVtYV92ZXJzaW9uIjoiMSJ9",
          "dependencies": [
            "aws_vpc.foo"
          ]
        }
      ]
    },
    {
      "mode": "managed",
      "type": "aws_vpc",
      "name": "foo",
      "provider": "provider[\"registry.terraform.io/hashicorp/aws\"]",
      "instances": [
        {
          "schema_version": 1,
          "attributes": {
            "arn": "arn:aws:ec2:eu-west-1:425843643352:vpc/vpc-053ad2b074c4f6501",
            "assign_generated_ipv6_cidr_block": false,
            "cidr_block": "10.0.0.0/16",
            "default_network_acl_id": "acl-0be5d4a90bf06a90c",
            "default_route_table_id": "rtb-09867ada9a0ab47e0",
            "default_security_group_id": "sg-04e2073a21070b154",
            "dhcp_options_id": "dopt-0b1d311a1b3cf6c53",
            "enable_classiclink": false,
            "enable_classiclink_dns_support": false,
            "enable_dns_hostnames": false,
            "enable_dns_support": true,
            "id": "vpc-053ad2b074c4f6501",
            "instance_tenancy": "default",
            "ipv4_ipam_pool_id": null,
            "ipv4_netmask_length": null,
            "ipv6_association_id": "",
            "ipv6_cidr_block": "",
            "ipv6_cidr_block_network_border_group": "",
            "ipv6_ipam_pool_id": "",
            "ipv6_netmask_length": 0,
            "main_route_table_id": "rtb-09867ada9a0ab47e0",
            "owner_id": "425843643352",
            "tags": {
              "Name": "ECS-EFS-VPC"
            },
            "tags_all": {
              "Name": "ECS-EFS-VPC"
            }
          },
          "sensitive_attributes": [],
          "private": "eyJzY2hlbWFfdmVyc2lvbiI6IjEifQ=="
        }
      ]
    }
  ]
}
